
Microsoft Visual Studio Solution File, Format Version 12.00
# Visual Studio Version 17
VisualStudioVersion = 17.9.34728.123
MinimumVisualStudioVersion = 10.0.40219.1
Project("{8BC9CEB8-8B4A-11D0-8D11-00A0C91BC942}") = "cgl", "cgl\cgl.vcxproj", "{04D03729-D9C8-4855-851B-1D2CBA8E10BA}"
EndProject
Project("{8BC9CEB8-8B4A-11D0-8D11-00A0C91BC942}") = "cgl-core", "cgl-core\cgl-core.vcxproj", "{544DE3F6-D621-404C-92CB-323B709CEF7E}"
EndProject
Project("{8BC9CEB8-8B4A-11D0-8D11-00A0C91BC942}") = "snek-lsp", "snek-lsp\snek-lsp.vcxproj", "{EB84846C-8529-4A63-BA27-5ECF17174799}"
EndProject
Project("{FAE04EC0-301F-11D3-BF4B-00C04F79EFBC}") = "VSSnek", "VSSnek\VSSnek.csproj", "{3BE138ED-9364-4A3E-AEDB-BDAFB431CD1D}"
EndProject
Global
	GlobalSection(SolutionConfigurationPlatforms) = preSolution
		Debug|Any CPU = Debug|Any CPU
		Debug|arm64 = Debug|arm64
		Debug|x64 = Debug|x64
		Debug|x86 = Debug|x86
		Release|Any CPU = Release|Any CPU
		Release|arm64 = Release|arm64
		Release|x64 = Release|x64
		Release|x86 = Release|x86
	EndGlobalSection
	GlobalSection(ProjectConfigurationPlatforms) = postSolution
		{04D03729-D9C8-4855-851B-1D2CBA8E10BA}.Debug|Any CPU.ActiveCfg = Debug|x64
		{04D03729-D9C8-4855-851B-1D2CBA8E10BA}.Debug|Any CPU.Build.0 = Debug|x64
		{04D03729-D9C8-4855-851B-1D2CBA8E10BA}.Debug|arm64.ActiveCfg = Debug|x64
		{04D03729-D9C8-4855-851B-1D2CBA8E10BA}.Debug|arm64.Build.0 = Debug|x64
		{04D03729-D9C8-4855-851B-1D2CBA8E10BA}.Debug|x64.ActiveCfg = Debug|x64
		{04D03729-D9C8-4855-851B-1D2CBA8E10BA}.Debug|x64.Build.0 = Debug|x64
		{04D03729-D9C8-4855-851B-1D2CBA8E10BA}.Debug|x86.ActiveCfg = Debug|Win32
		{04D03729-D9C8-4855-851B-1D2CBA8E10BA}.Debug|x86.Build.0 = Debug|Win32
		{04D03729-D9C8-4855-851B-1D2CBA8E10BA}.Release|Any CPU.ActiveCfg = Release|x64
		{04D03729-D9C8-4855-851B-1D2CBA8E10BA}.Release|Any CPU.Build.0 = Release|x64
		{04D03729-D9C8-4855-851B-1D2CBA8E10BA}.Release|arm64.ActiveCfg = Release|x64
		{04D03729-D9C8-4855-851B-1D2CBA8E10BA}.Release|arm64.Build.0 = Release|x64
		{04D03729-D9C8-4855-851B-1D2CBA8E10BA}.Release|x64.ActiveCfg = Release|x64
		{04D03729-D9C8-4855-851B-1D2CBA8E10BA}.Release|x64.Build.0 = Release|x64
		{04D03729-D9C8-4855-851B-1D2CBA8E10BA}.Release|x86.ActiveCfg = Release|Win32
		{04D03729-D9C8-4855-851B-1D2CBA8E10BA}.Release|x86.Build.0 = Release|Win32
		{544DE3F6-D621-404C-92CB-323B709CEF7E}.Debug|Any CPU.ActiveCfg = Debug|x64
		{544DE3F6-D621-404C-92CB-323B709CEF7E}.Debug|Any CPU.Build.0 = Debug|x64
		{544DE3F6-D621-404C-92CB-323B709CEF7E}.Debug|arm64.ActiveCfg = Debug|x64
		{544DE3F6-D621-404C-92CB-323B709CEF7E}.Debug|arm64.Build.0 = Debug|x64
		{544DE3F6-D621-404C-92CB-323B709CEF7E}.Debug|x64.ActiveCfg = Debug|x64
		{544DE3F6-D621-404C-92CB-323B709CEF7E}.Debug|x64.Build.0 = Debug|x64
		{544DE3F6-D621-404C-92CB-323B709CEF7E}.Debug|x86.ActiveCfg = Debug|Win32
		{544DE3F6-D621-404C-92CB-323B709CEF7E}.Debug|x86.Build.0 = Debug|Win32
		{544DE3F6-D621-404C-92CB-323B709CEF7E}.Release|Any CPU.ActiveCfg = Release|x64
		{544DE3F6-D621-404C-92CB-323B709CEF7E}.Release|Any CPU.Build.0 = Release|x64
		{544DE3F6-D621-404C-92CB-323B709CEF7E}.Release|arm64.ActiveCfg = Release|x64
		{544DE3F6-D621-404C-92CB-323B709CEF7E}.Release|arm64.Build.0 = Release|x64
		{544DE3F6-D621-404C-92CB-323B709CEF7E}.Release|x64.ActiveCfg = Release|x64
		{544DE3F6-D621-404C-92CB-323B709CEF7E}.Release|x64.Build.0 = Release|x64
		{544DE3F6-D621-404C-92CB-323B709CEF7E}.Release|x86.ActiveCfg = Release|Win32
		{544DE3F6-D621-404C-92CB-323B709CEF7E}.Release|x86.Build.0 = Release|Win32
		{EB84846C-8529-4A63-BA27-5ECF17174799}.Debug|Any CPU.ActiveCfg = Debug|x64
		{EB84846C-8529-4A63-BA27-5ECF17174799}.Debug|Any CPU.Build.0 = Debug|x64
		{EB84846C-8529-4A63-BA27-5ECF17174799}.Debug|arm64.ActiveCfg = Debug|x64
		{EB84846C-8529-4A63-BA27-5ECF17174799}.Debug|arm64.Build.0 = Debug|x64
		{EB84846C-8529-4A63-BA27-5ECF17174799}.Debug|x64.ActiveCfg = Debug|x64
		{EB84846C-8529-4A63-BA27-5ECF17174799}.Debug|x64.Build.0 = Debug|x64
		{EB84846C-8529-4A63-BA27-5ECF17174799}.Debug|x86.ActiveCfg = Debug|Win32
		{EB84846C-8529-4A63-BA27-5ECF17174799}.Debug|x86.Build.0 = Debug|Win32
		{EB84846C-8529-4A63-BA27-5ECF17174799}.Release|Any CPU.ActiveCfg = Release|x64
		{EB84846C-8529-4A63-BA27-5ECF17174799}.Release|Any CPU.Build.0 = Release|x64
		{EB84846C-8529-4A63-BA27-5ECF17174799}.Release|arm64.ActiveCfg = Release|x64
		{EB84846C-8529-4A63-BA27-5ECF17174799}.Release|arm64.Build.0 = Release|x64
		{EB84846C-8529-4A63-BA27-5ECF17174799}.Release|x64.ActiveCfg = Release|x64
		{EB84846C-8529-4A63-BA27-5ECF17174799}.Release|x64.Build.0 = Release|x64
		{EB84846C-8529-4A63-BA27-5ECF17174799}.Release|x86.ActiveCfg = Release|Win32
		{EB84846C-8529-4A63-BA27-5ECF17174799}.Release|x86.Build.0 = Release|Win32
		{3BE138ED-9364-4A3E-AEDB-BDAFB431CD1D}.Debug|Any CPU.ActiveCfg = Debug|Any CPU
		{3BE138ED-9364-4A3E-AEDB-BDAFB431CD1D}.Debug|Any CPU.Build.0 = Debug|Any CPU
		{3BE138ED-9364-4A3E-AEDB-BDAFB431CD1D}.Debug|arm64.ActiveCfg = Debug|arm64
		{3BE138ED-9364-4A3E-AEDB-BDAFB431CD1D}.Debug|arm64.Build.0 = Debug|arm64
		{3BE138ED-9364-4A3E-AEDB-BDAFB431CD1D}.Debug|x64.ActiveCfg = Debug|Any CPU
		{3BE138ED-9364-4A3E-AEDB-BDAFB431CD1D}.Debug|x64.Build.0 = Debug|Any CPU
		{3BE138ED-9364-4A3E-AEDB-BDAFB431CD1D}.Debug|x86.ActiveCfg = Debug|x86
		{3BE138ED-9364-4A3E-AEDB-BDAFB431CD1D}.Debug|x86.Build.0 = Debug|x86
		{3BE138ED-9364-4A3E-AEDB-BDAFB431CD1D}.Release|Any CPU.ActiveCfg = Release|Any CPU
		{3BE138ED-9364-4A3E-AEDB-BDAFB431CD1D}.Release|Any CPU.Build.0 = Release|Any CPU
		{3BE138ED-9364-4A3E-AEDB-BDAFB431CD1D}.Release|arm64.ActiveCfg = Release|arm64
		{3BE138ED-9364-4A3E-AEDB-BDAFB431CD1D}.Release|arm64.Build.0 = Release|arm64
		{3BE138ED-9364-4A3E-AEDB-BDAFB431CD1D}.Release|x64.ActiveCfg = Release|Any CPU
		{3BE138ED-9364-4A3E-AEDB-BDAFB431CD1D}.Release|x64.Build.0 = Release|Any CPU
		{3BE138ED-9364-4A3E-AEDB-BDAFB431CD1D}.Release|x86.ActiveCfg = Release|x86
		{3BE138ED-9364-4A3E-AEDB-BDAFB431CD1D}.Release|x86.Build.0 = Release|x86
	EndGlobalSection
	GlobalSection(SolutionProperties) = preSolution
		HideSolutionNode = FALSE
	EndGlobalSection
	GlobalSection(ExtensibilityGlobals) = postSolution
		SolutionGuid = {C50FD25B-BA4C-42DF-983A-B1392BEB91B6}
	EndGlobalSection
EndGlobal
