<?xml version="1.0" encoding="utf-8"?>
<Project ToolsVersion="4.0" xmlns="http://schemas.microsoft.com/developer/msbuild/2003">
  <ItemGroup>
    <Filter Include="Source Files">
      <UniqueIdentifier>{4FC737F1-C7A5-4376-A066-2A32D752A2FF}</UniqueIdentifier>
      <Extensions>cpp;c;cc;cxx;c++;cppm;ixx;def;odl;idl;hpj;bat;asm;asmx</Extensions>
    </Filter>
    <Filter Include="Header Files">
      <UniqueIdentifier>{93995380-89BD-4b04-88EB-625FBE52EBFB}</UniqueIdentifier>
      <Extensions>h;hh;hpp;hxx;h++;hm;inl;inc;ipp;xsd</Extensions>
    </Filter>
    <Filter Include="Resource Files">
      <UniqueIdentifier>{67DA6AB6-F800-4c08-8B7A-83BB121AAD01}</UniqueIdentifier>
      <Extensions>rc;ico;cur;bmp;dlg;rc2;rct;bin;rgs;gif;jpg;jpeg;jpe;resx;tiff;tif;png;wav;mfcribbon-ms</Extensions>
    </Filter>
  </ItemGroup>
  <ItemGroup>
    <ClCompile Include="src\cgl\ast\Declaration.cpp">
      <Filter>Source Files</Filter>
    </ClCompile>
    <ClCompile Include="src\cgl\ast\Element.cpp">
      <Filter>Source Files</Filter>
    </ClCompile>
    <ClCompile Include="src\cgl\ast\Expression.cpp">
      <Filter>Source Files</Filter>
    </ClCompile>
    <ClCompile Include="src\cgl\ast\File.cpp">
      <Filter>Source Files</Filter>
    </ClCompile>
    <ClCompile Include="src\cgl\ast\Module.cpp">
      <Filter>Source Files</Filter>
    </ClCompile>
    <ClCompile Include="src\cgl\ast\Statement.cpp">
      <Filter>Source Files</Filter>
    </ClCompile>
    <ClCompile Include="src\cgl\ast\Type.cpp">
      <Filter>Source Files</Filter>
    </ClCompile>
    <ClCompile Include="src\cgl\parser\input.cpp">
      <Filter>Source Files</Filter>
    </ClCompile>
    <ClCompile Include="src\cgl\parser\lexer.cpp">
      <Filter>Source Files</Filter>
    </ClCompile>
    <ClCompile Include="src\cgl\parser\Parser.cpp">
      <Filter>Source Files</Filter>
    </ClCompile>
    <ClCompile Include="src\cgl\semantics\Enum.cpp">
      <Filter>Source Files</Filter>
    </ClCompile>
    <ClCompile Include="src\cgl\semantics\Exprdef.cpp">
      <Filter>Source Files</Filter>
    </ClCompile>
    <ClCompile Include="src\cgl\semantics\Function.cpp">
      <Filter>Source Files</Filter>
    </ClCompile>
    <ClCompile Include="src\cgl\semantics\Mangling.cpp">
      <Filter>Source Files</Filter>
    </ClCompile>
    <ClCompile Include="src\cgl\semantics\Resolver.cpp">
      <Filter>Source Files</Filter>
    </ClCompile>
    <ClCompile Include="src\cgl\semantics\Struct.cpp">
      <Filter>Source Files</Filter>
    </ClCompile>
    <ClCompile Include="src\cgl\semantics\Type_Semantics.cpp">
      <Filter>Source Files</Filter>
    </ClCompile>
    <ClCompile Include="src\cgl\semantics\Typedef.cpp">
      <Filter>Source Files</Filter>
    </ClCompile>
    <ClCompile Include="src\cgl\semantics\Variable.cpp">
      <Filter>Source Files</Filter>
    </ClCompile>
    <ClCompile Include="src\cgl\utils\Hash.cpp">
      <Filter>Source Files</Filter>
    </ClCompile>
    <ClCompile Include="src\cgl\utils\Log.cpp">
      <Filter>Source Files</Filter>
    </ClCompile>
    <ClCompile Include="src\cgl\utils\StringBuffer.cpp">
      <Filter>Source Files</Filter>
    </ClCompile>
    <ClCompile Include="src\cgl\utils\Utils.cpp">
      <Filter>Source Files</Filter>
    </ClCompile>
    <ClCompile Include="src\cgl\CGLCompiler.cpp">
      <Filter>Source Files</Filter>
    </ClCompile>
    <ClCompile Include="src\pch.cpp">
      <Filter>Source Files</Filter>
    </ClCompile>
    <ClCompile Include="src\cgl\Platform.cpp">
      <Filter>Source Files</Filter>
    </ClCompile>
  </ItemGroup>
  <ItemGroup>
    <ClInclude Include="src\cgl\ast\Declaration.h">
      <Filter>Header Files</Filter>
    </ClInclude>
    <ClInclude Include="src\cgl\ast\Element.h">
      <Filter>Header Files</Filter>
    </ClInclude>
    <ClInclude Include="src\cgl\ast\Expression.h">
      <Filter>Header Files</Filter>
    </ClInclude>
    <ClInclude Include="src\cgl\ast\File.h">
      <Filter>Header Files</Filter>
    </ClInclude>
    <ClInclude Include="src\cgl\ast\Module.h">
      <Filter>Header Files</Filter>
    </ClInclude>
    <ClInclude Include="src\cgl\ast\Statement.h">
      <Filter>Header Files</Filter>
    </ClInclude>
    <ClInclude Include="src\cgl\ast\Type.h">
      <Filter>Header Files</Filter>
    </ClInclude>
    <ClInclude Include="src\cgl\parser\input.h">
      <Filter>Header Files</Filter>
    </ClInclude>
    <ClInclude Include="src\cgl\parser\Keywords.h">
      <Filter>Header Files</Filter>
    </ClInclude>
    <ClInclude Include="src\cgl\parser\lexer.h">
      <Filter>Header Files</Filter>
    </ClInclude>
    <ClInclude Include="src\cgl\parser\Parser.h">
      <Filter>Header Files</Filter>
    </ClInclude>
    <ClInclude Include="src\cgl\semantics\Enum.h">
      <Filter>Header Files</Filter>
    </ClInclude>
    <ClInclude Include="src\cgl\semantics\Exprdef.h">
      <Filter>Header Files</Filter>
    </ClInclude>
    <ClInclude Include="src\cgl\semantics\Function.h">
      <Filter>Header Files</Filter>
    </ClInclude>
    <ClInclude Include="src\cgl\semantics\Mangling.h">
      <Filter>Header Files</Filter>
    </ClInclude>
    <ClInclude Include="src\cgl\semantics\Resolver.h">
      <Filter>Header Files</Filter>
    </ClInclude>
    <ClInclude Include="src\cgl\semantics\Struct.h">
      <Filter>Header Files</Filter>
    </ClInclude>
    <ClInclude Include="src\cgl\semantics\Type.h">
      <Filter>Header Files</Filter>
    </ClInclude>
    <ClInclude Include="src\cgl\semantics\Typedef.h">
      <Filter>Header Files</Filter>
    </ClInclude>
    <ClInclude Include="src\cgl\semantics\Variable.h">
      <Filter>Header Files</Filter>
    </ClInclude>
    <ClInclude Include="src\cgl\utils\Hash.h">
      <Filter>Header Files</Filter>
    </ClInclude>
    <ClInclude Include="src\cgl\utils\List.h">
      <Filter>Header Files</Filter>
    </ClInclude>
    <ClInclude Include="src\cgl\utils\Log.h">
      <Filter>Header Files</Filter>
    </ClInclude>
    <ClInclude Include="src\cgl\utils\StringBuffer.h">
      <Filter>Header Files</Filter>
    </ClInclude>
    <ClInclude Include="src\cgl\utils\Utils.h">
      <Filter>Header Files</Filter>
    </ClInclude>
    <ClInclude Include="src\cgl\CGLCompiler.h">
      <Filter>Header Files</Filter>
    </ClInclude>
    <ClInclude Include="src\cgl\Common.h">
      <Filter>Header Files</Filter>
    </ClInclude>
    <ClInclude Include="src\cgl\SourceFile.h">
      <Filter>Header Files</Filter>
    </ClInclude>
    <ClInclude Include="src\pch.h">
      <Filter>Header Files</Filter>
    </ClInclude>
    <ClInclude Include="src\cgl\Platform.h">
      <Filter>Header Files</Filter>
    </ClInclude>
  </ItemGroup>
</Project>